
Microsoft Visual Studio Solution File, Format Version 12.00
# Visual Studio 14
VisualStudioVersion = 14.0.25420.1
MinimumVisualStudioVersion = 10.0.40219.1
Project("{FAE04EC0-301F-11D3-BF4B-00C04F79EFBC}") = "ExpectAnimXamarin", "src\ExpectAnimXamarin\ExpectAnimXamarin.csproj", "{713B5B51-4E18-49F5-AC05-CD5F22C1ACEA}"
EndProject
Project("{FAE04EC0-301F-11D3-BF4B-00C04F79EFBC}") = "ExpectAnim.Sample", "sample\ExpectAnim.Sample\ExpectAnim.Sample.csproj", "{D3793EF5-857B-4F07-8B82-970C57328280}"
EndProject
Global
	GlobalSection(SolutionConfigurationPlatforms) = preSolution
		Debug|Any CPU = Debug|Any CPU
		Release|Any CPU = Release|Any CPU
	EndGlobalSection
	GlobalSection(ProjectConfigurationPlatforms) = postSolution
		{713B5B51-4E18-49F5-AC05-CD5F22C1ACEA}.Debug|Any CPU.ActiveCfg = Debug|Any CPU
		{713B5B51-4E18-49F5-AC05-CD5F22C1ACEA}.Debug|Any CPU.Build.0 = Debug|Any CPU
		{713B5B51-4E18-49F5-AC05-CD5F22C1ACEA}.Release|Any CPU.ActiveCfg = Release|Any CPU
		{713B5B51-4E18-49F5-AC05-CD5F22C1ACEA}.Release|Any CPU.Build.0 = Release|Any CPU
		{D3793EF5-857B-4F07-8B82-970C57328280}.Debug|Any CPU.ActiveCfg = Debug|Any CPU
		{D3793EF5-857B-4F07-8B82-970C57328280}.Debug|Any CPU.Build.0 = Debug|Any CPU
		{D3793EF5-857B-4F07-8B82-970C57328280}.Debug|Any CPU.Deploy.0 = Debug|Any CPU
		{D3793EF5-857B-4F07-8B82-970C57328280}.Release|Any CPU.ActiveCfg = Release|Any CPU
		{D3793EF5-857B-4F07-8B82-970C57328280}.Release|Any CPU.Build.0 = Release|Any CPU
		{D3793EF5-857B-4F07-8B82-970C57328280}.Release|Any CPU.Deploy.0 = Release|Any CPU
	EndGlobalSection
	GlobalSection(SolutionProperties) = preSolution
		HideSolutionNode = FALSE
	EndGlobalSection
EndGlobal
